{
 "_meta": {
  "file-type": "spack-lockfile",
  "lockfile-version": 2
 },
 "roots": [
  {
   "hash": "twcubgszyvipxrxu26npd7lh6laxli2h",
   "spec": "gcc@7.3.0"
  },
  {
   "hash": "4mqz46sv7shm27j27vj7ioctz4jgeqna",
   "spec": "patchelf"
  },
  {
   "hash": "nfbvq7b2az6hvggyk5ky6ma5zga2bjsj",
   "spec": "emacs"
  },
  {
   "hash": "6vs2lt2rjcs66hwzxyn5rxajzbzl6uct",
   "spec": "mpich"
  },
  {
   "hash": "3hibgixhhexkydj7unz5jdjjuzf5oqds",
   "spec": "cmake"
  },
  {
   "hash": "e56bfho5aig6h2afleuondoh53ynntbu",
   "spec": "lmod"
  }
 ],
 "concrete_specs": {
  "twcubgszyvipxrxu26npd7lh6laxli2h": {
   "gcc": {
    "version": "7.3.0",
    "arch": {
     "platform": "linux",
     "platform_os": "rhel7",
     "target": "ppc64le"
    },
    "compiler": {
     "name": "gcc",
     "version": "4.8.5"
    },
    "namespace": "builtin",
    "parameters": {
     "binutils": false,
     "languages": [
      "c",
      "c++",
      "fortran"
     ],
     "nvptx": false,
     "patches": [
      "51aebe82afc9a0433ca3503a36592edf5ca769b1433986919cfb9ae2ddf3e343"
     ],
     "piclibs": false,
     "strip": false,
     "cflags": [],
     "cppflags": [],
     "cxxflags": [],
     "fflags": [],
     "ldflags": [],
     "ldlibs": []
    },
    "patches": [
     "51aebe82afc9a0433ca3503a36592edf5ca769b1433986919cfb9ae2ddf3e343"
    ],
    "dependencies": {
     "gmp": {
      "hash": "frskcr65o2toj5on5agdsdddwxerjem4",
      "type": [
       "build",
       "link"
      ]
     },
     "isl": {
      "hash": "y2rvvju2iewanmyznoojw75osad2hzwa",
      "type": [
       "build",
       "link"
      ]
     },
     "libiconv": {
      "hash": "lvr73ddlu2j3uqyxpygqetwair335ff7",
      "type": [
       "build",
       "link"
      ]
     },
     "mpc": {
      "hash": "eksy4mry56brg2lzvb7pv5ieupymsygv",
      "type": [
       "build",
       "link"
      ]
     },
     "mpfr": {
      "hash": "k2uycs3nwscf4ngn56hupyexuctwtord",
      "type": [
       "build",
       "link"
      ]
     },
     "zlib": {
      "hash": "4v3ticyykh2xcgw5fzltjrfuxkx7ipqh",
      "type": [
       "build",
       "link"
      ]
     }
    },
    "hash": "hq5v5xonhdojjmp7mmpcy4y56zztetay"
   }
  },
  "frskcr65o2toj5on5agdsdddwxerjem4": {
   "gmp": {
    "version": "6.1.2",
    "arch": {
     "platform": "linux",
     "platform_os": "rhel7",
     "target": "ppc64le"
    },
    "compiler": {
     "name": "gcc",
     "version": "4.8.5"
    },
    "namespace": "builtin",
    "parameters": {
     "cflags": [],
     "cppflags": [],
     "cxxflags": [],
     "fflags": [],
     "ldflags": [],
     "ldlibs": []
    },
    "dependencies": {
     "autoconf": {
      "hash": "glrm6gwp4tfqucig7jjqgvd5z44va6m2",
      "type": [
       "build"
      ]
     },
     "automake": {
      "hash": "ykwh24qrt2hne2hawo7fry2jhjl5vrrq",
      "type": [
       "build"
      ]
     },
     "libtool": {
      "hash": "li523ffv2dvc4n5rm7jpbpiqpevfckff",
      "type": [
       "build"
      ]
     },
     "m4": {
      "hash": "vpeh56eho3z3aetuu227uvfx3ux5j7xn",
      "type": [
       "build"
      ]
     }
    },
    "hash": "25yoyfaen6352laht3s3hotwoymb6ppw"
   }
  },
  "glrm6gwp4tfqucig7jjqgvd5z44va6m2": {
   "autoconf": {
    "version": "2.69",
    "arch": {
     "platform": "linux",
     "platform_os": "rhel7",
     "target": "ppc64le"
    },
    "compiler": {
     "name": "gcc",
     "version": "4.8.5"
    },
    "namespace": "builtin",
    "parameters": {
     "cflags": [],
     "cppflags": [],
     "cxxflags": [],
     "fflags": [],
     "ldflags": [],
     "ldlibs": []
    },
    "dependencies": {
     "m4": {
      "hash": "vpeh56eho3z3aetuu227uvfx3ux5j7xn",
      "type": [
       "build",
       "run"
      ]
     },
     "perl": {
      "hash": "rjkg7kewphzz3cb5snwltlz3etk2pd7r",
      "type": [
       "build",
       "run"
      ]
     }
    },
    "hash": "rsnb7xuweoqelscqt4xhve33qnvbd4up"
   }
  },
  "vpeh56eho3z3aetuu227uvfx3ux5j7xn": {
   "m4": {
    "version": "1.4.18",
    "arch": {
     "platform": "linux",
     "platform_os": "rhel7",
     "target": "ppc64le"
    },
    "compiler": {
     "name": "gcc",
     "version": "4.8.5"
    },
    "namespace": "builtin",
    "parameters": {
     "patches": [
      "3877ab548f88597ab2327a2230ee048d2d07ace1062efe81fc92e91b7f39cd00",
      "fc9b61654a3ba1a8d6cd78ce087e7c96366c290bc8d2c299f09828d793b853c8"
     ],
     "sigsegv": true,
     "cflags": [],
     "cppflags": [],
     "cxxflags": [],
     "fflags": [],
     "ldflags": [],
     "ldlibs": []
    },
    "patches": [
     "3877ab548f88597ab2327a2230ee048d2d07ace1062efe81fc92e91b7f39cd00",
     "fc9b61654a3ba1a8d6cd78ce087e7c96366c290bc8d2c299f09828d793b853c8"
    ],
    "dependencies": {
     "libsigsegv": {
      "hash": "knjj5ju2siz52ffmqy2nshqlkyav3oo5",
      "type": [
       "build",
       "link"
      ]
     }
    },
    "hash": "vpeh56eho3z3aetuu227uvfx3ux5j7xn"
   }
  },
  "knjj5ju2siz52ffmqy2nshqlkyav3oo5": {
   "libsigsegv": {
    "version": "2.12",
    "arch": {
     "platform": "linux",
     "platform_os": "rhel7",
     "target": "ppc64le"
    },
    "compiler": {
     "name": "gcc",
     "version": "4.8.5"
    },
    "namespace": "builtin",
    "parameters": {
     "cflags": [],
     "cppflags": [],
     "cxxflags": [],
     "fflags": [],
     "ldflags": [],
     "ldlibs": []
    },
    "hash": "knjj5ju2siz52ffmqy2nshqlkyav3oo5"
   }
  },
  "rjkg7kewphzz3cb5snwltlz3etk2pd7r": {
   "perl": {
    "version": "5.30.0",
    "arch": {
     "platform": "linux",
     "platform_os": "rhel7",
     "target": "ppc64le"
    },
    "compiler": {
     "name": "gcc",
     "version": "4.8.5"
    },
    "namespace": "builtin",
    "parameters": {
     "cpanm": true,
     "shared": true,
     "threads": true,
     "cflags": [],
     "cppflags": [],
     "cxxflags": [],
     "fflags": [],
     "ldflags": [],
     "ldlibs": []
    },
    "dependencies": {
     "gdbm": {
      "hash": "43hdcb3xotshkyhoqcggu2ibzxprzrbc",
      "type": [
       "build",
       "link"
      ]
     }
    },
    "hash": "crodhq7xddlqeznnreyxkjd6ro73kicy"
   }
  },
  "43hdcb3xotshkyhoqcggu2ibzxprzrbc": {
   "gdbm": {
    "version": "1.18.1",
    "arch": {
     "platform": "linux",
     "platform_os": "rhel7",
     "target": "ppc64le"
    },
    "compiler": {
     "name": "gcc",
     "version": "4.8.5"
    },
    "namespace": "builtin",
    "parameters": {
     "cflags": [],
     "cppflags": [],
     "cxxflags": [],
     "fflags": [],
     "ldflags": [],
     "ldlibs": []
    },
    "dependencies": {
     "readline": {
      "hash": "iwtso2rbbe4o6f5d6yl2jdyvkh2s6zxb",
      "type": [
       "build",
       "link"
      ]
     }
    },
    "hash": "ciazel6fy7qoevidw7lb2qx4m2zss6o5"
   }
  },
  "iwtso2rbbe4o6f5d6yl2jdyvkh2s6zxb": {
   "readline": {
    "version": "8.0",
    "arch": {
     "platform": "linux",
     "platform_os": "rhel7",
     "target": "ppc64le"
    },
    "compiler": {
     "name": "gcc",
     "version": "4.8.5"
    },
    "namespace": "builtin",
    "parameters": {
     "cflags": [],
     "cppflags": [],
     "cxxflags": [],
     "fflags": [],
     "ldflags": [],
     "ldlibs": []
    },
    "dependencies": {
     "ncurses": {
      "hash": "aopfxvwbc77mtst44sndnitbmxzfxnmz",
      "type": [
       "build",
       "link"
      ]
     }
    },
    "hash": "nin6xuxqy3lr4nfspdxadngtckcnhyac"
   }
  },
  "aopfxvwbc77mtst44sndnitbmxzfxnmz": {
   "ncurses": {
    "version": "6.1",
    "arch": {
     "platform": "linux",
     "platform_os": "rhel7",
     "target": "ppc64le"
    },
    "compiler": {
     "name": "gcc",
     "version": "4.8.5"
    },
    "namespace": "builtin",
    "parameters": {
     "symlinks": false,
     "termlib": false,
     "cflags": [],
     "cppflags": [],
     "cxxflags": [],
     "fflags": [],
     "ldflags": [],
     "ldlibs": []
    },
    "dependencies": {
     "pkgconf": {
      "hash": "mzpurdeoicehjhsunpgcgepafcq5mbtd",
      "type": [
       "build"
      ]
     }
    },
    "hash": "jp42wsit7mklqgtlbq7rys5prgrrhajs"
   }
  },
  "mzpurdeoicehjhsunpgcgepafcq5mbtd": {
   "pkgconf": {
    "version": "1.6.3",
    "arch": {
     "platform": "linux",
     "platform_os": "rhel7",
     "target": "ppc64le"
    },
    "compiler": {
     "name": "gcc",
     "version": "4.8.5"
    },
    "namespace": "builtin",
    "parameters": {
     "cflags": [],
     "cppflags": [],
     "cxxflags": [],
     "fflags": [],
     "ldflags": [],
     "ldlibs": []
    },
    "hash": "mzpurdeoicehjhsunpgcgepafcq5mbtd"
   }
  },
  "ykwh24qrt2hne2hawo7fry2jhjl5vrrq": {
   "automake": {
    "version": "1.16.1",
    "arch": {
     "platform": "linux",
     "platform_os": "rhel7",
     "target": "ppc64le"
    },
    "compiler": {
     "name": "gcc",
     "version": "4.8.5"
    },
    "namespace": "builtin",
    "parameters": {
     "cflags": [],
     "cppflags": [],
     "cxxflags": [],
     "fflags": [],
     "ldflags": [],
     "ldlibs": []
    },
    "dependencies": {
     "autoconf": {
      "hash": "glrm6gwp4tfqucig7jjqgvd5z44va6m2",
      "type": [
       "build"
      ]
     },
     "perl": {
      "hash": "rjkg7kewphzz3cb5snwltlz3etk2pd7r",
      "type": [
       "build",
       "run"
      ]
     }
    },
    "hash": "5je5lxp6j4hfkaynmits3l4dk6i52b2k"
   }
  },
  "li523ffv2dvc4n5rm7jpbpiqpevfckff": {
   "libtool": {
    "version": "2.4.6",
    "arch": {
     "platform": "linux",
     "platform_os": "rhel7",
     "target": "ppc64le"
    },
    "compiler": {
     "name": "gcc",
     "version": "4.8.5"
    },
    "namespace": "builtin",
    "parameters": {
     "cflags": [],
     "cppflags": [],
     "cxxflags": [],
     "fflags": [],
     "ldflags": [],
     "ldlibs": []
    },
    "dependencies": {
     "m4": {
      "hash": "vpeh56eho3z3aetuu227uvfx3ux5j7xn",
      "type": [
       "build"
      ]
     }
    },
    "hash": "git6yhz76g7qxfzrs2536gzuphl6xkgi"
   }
  },
  "y2rvvju2iewanmyznoojw75osad2hzwa": {
   "isl": {
    "version": "0.18",
    "arch": {
     "platform": "linux",
     "platform_os": "rhel7",
     "target": "ppc64le"
    },
    "compiler": {
     "name": "gcc",
     "version": "4.8.5"
    },
    "namespace": "builtin",
    "parameters": {
     "cflags": [],
     "cppflags": [],
     "cxxflags": [],
     "fflags": [],
     "ldflags": [],
     "ldlibs": []
    },
    "dependencies": {
     "gmp": {
      "hash": "frskcr65o2toj5on5agdsdddwxerjem4",
      "type": [
       "build",
       "link"
      ]
     }
    },
    "hash": "aollzc76gwoac466pv6lnnnz3gb22rj6"
   }
  },
  "lvr73ddlu2j3uqyxpygqetwair335ff7": {
   "libiconv": {
    "version": "1.16",
    "arch": {
     "platform": "linux",
     "platform_os": "rhel7",
     "target": "ppc64le"
    },
    "compiler": {
     "name": "gcc",
     "version": "4.8.5"
    },
    "namespace": "builtin",
    "parameters": {
     "cflags": [],
     "cppflags": [],
     "cxxflags": [],
     "fflags": [],
     "ldflags": [],
     "ldlibs": []
    },
    "hash": "lvr73ddlu2j3uqyxpygqetwair335ff7"
   }
  },
  "eksy4mry56brg2lzvb7pv5ieupymsygv": {
   "mpc": {
    "version": "1.1.0",
    "arch": {
     "platform": "linux",
     "platform_os": "rhel7",
     "target": "ppc64le"
    },
    "compiler": {
     "name": "gcc",
     "version": "4.8.5"
    },
    "namespace": "builtin",
    "parameters": {
     "cflags": [],
     "cppflags": [],
     "cxxflags": [],
     "fflags": [],
     "ldflags": [],
     "ldlibs": []
    },
    "dependencies": {
     "gmp": {
      "hash": "frskcr65o2toj5on5agdsdddwxerjem4",
      "type": [
       "build",
       "link"
      ]
     },
     "mpfr": {
      "hash": "k2uycs3nwscf4ngn56hupyexuctwtord",
      "type": [
       "build",
       "link"
      ]
     }
    },
    "hash": "n7vclyvfdi5ckdsn5cdj6pxvrnkcjbji"
   }
  },
  "k2uycs3nwscf4ngn56hupyexuctwtord": {
   "mpfr": {
    "version": "3.1.6",
    "arch": {
     "platform": "linux",
     "platform_os": "rhel7",
     "target": "ppc64le"
    },
    "compiler": {
     "name": "gcc",
     "version": "4.8.5"
    },
    "namespace": "builtin",
    "parameters": {
     "patches": [
      "66a5d58364113a21405fc53f4a48f4e8"
     ],
     "cflags": [],
     "cppflags": [],
     "cxxflags": [],
     "fflags": [],
     "ldflags": [],
     "ldlibs": []
    },
    "patches": [
     "66a5d58364113a21405fc53f4a48f4e8"
    ],
    "dependencies": {
     "gmp": {
      "hash": "frskcr65o2toj5on5agdsdddwxerjem4",
      "type": [
       "build",
       "link"
      ]
     }
    },
    "hash": "bkpwjzpfzbmapxws3fuhjicjhgqgcvkr"
   }
  },
  "4v3ticyykh2xcgw5fzltjrfuxkx7ipqh": {
   "zlib": {
    "version": "1.2.11",
    "arch": {
     "platform": "linux",
     "platform_os": "rhel7",
     "target": "ppc64le"
    },
    "compiler": {
     "name": "gcc",
     "version": "4.8.5"
    },
    "namespace": "builtin",
    "parameters": {
     "optimize": true,
     "pic": true,
     "shared": true,
     "cflags": [],
     "cppflags": [],
     "cxxflags": [],
     "fflags": [],
     "ldflags": [],
     "ldlibs": []
    },
    "hash": "4v3ticyykh2xcgw5fzltjrfuxkx7ipqh"
   }
  },
  "4mqz46sv7shm27j27vj7ioctz4jgeqna": {
   "patchelf": {
    "version": "0.10",
    "arch": {
     "platform": "linux",
     "platform_os": "rhel7",
     "target": "ppc64le"
    },
    "compiler": {
     "name": "gcc",
     "version": "7.3.0"
    },
    "namespace": "builtin",
    "parameters": {
     "cflags": [],
     "cppflags": [],
     "cxxflags": [],
     "fflags": [],
     "ldflags": [],
     "ldlibs": []
    },
    "hash": "4mqz46sv7shm27j27vj7ioctz4jgeqna"
   }
  },
  "nfbvq7b2az6hvggyk5ky6ma5zga2bjsj": {
   "emacs": {
    "version": "26.2",
    "arch": {
     "platform": "linux",
     "platform_os": "rhel7",
     "target": "ppc64le"
    },
    "compiler": {
     "name": "gcc",
     "version": "7.3.0"
    },
    "namespace": "builtin",
    "parameters": {
     "X": false,
     "tls": false,
     "toolkit": "gtk",
     "cflags": [],
     "cppflags": [],
     "cxxflags": [],
     "fflags": [],
     "ldflags": [],
     "ldlibs": []
    },
    "dependencies": {
     "libjpeg-turbo": {
      "hash": "4523o62nvjquxgiemu3j54krz4jmasuq",
      "type": [
       "build",
       "link"
      ]
     },
     "ncurses": {
      "hash": "6skmc2fdupyd3xnwnkrsulworqvgx2zz",
      "type": [
       "build",
       "link"
      ]
     },
     "pcre": {
      "hash": "ny3y5nuqrybi52d5fp6sa566gdsbvtdn",
      "type": [
       "build",
       "link"
      ]
     },
     "pkgconf": {
      "hash": "y2z7aw4oz2vl3zyp2jzgetpmfxz4tzx3",
      "type": [
       "build"
      ]
     },
     "zlib": {
      "hash": "p5okwa3bjpvjro3jy73qdstf655cyfru",
      "type": [
       "build",
       "link"
      ]
     }
    },
    "hash": "xyq4n6e66e3y5k3upgiccrh7o7xsluh5"
   }
  },
  "4523o62nvjquxgiemu3j54krz4jmasuq": {
   "libjpeg-turbo": {
    "version": "2.0.3",
    "arch": {
     "platform": "linux",
     "platform_os": "rhel7",
     "target": "ppc64le"
    },
    "compiler": {
     "name": "gcc",
     "version": "7.3.0"
    },
    "namespace": "builtin",
    "parameters": {
     "cflags": [],
     "cppflags": [],
     "cxxflags": [],
     "fflags": [],
     "ldflags": [],
     "ldlibs": []
    },
    "dependencies": {
     "cmake": {
      "hash": "3hibgixhhexkydj7unz5jdjjuzf5oqds",
      "type": [
       "build"
      ]
     },
     "nasm": {
      "hash": "gysoxfghg7javkq2v5xl3bp25lubhwsu",
      "type": [
       "build"
      ]
     }
    },
    "hash": "zcwslyautqpvu4mz4lvirikl5y2nfs22"
   }
  },
  "3hibgixhhexkydj7unz5jdjjuzf5oqds": {
   "cmake": {
    "version": "3.15.4",
    "arch": {
     "platform": "linux",
     "platform_os": "rhel7",
     "target": "ppc64le"
    },
    "compiler": {
     "name": "gcc",
     "version": "7.3.0"
    },
    "namespace": "builtin",
    "parameters": {
     "doc": false,
     "ncurses": true,
     "openssl": true,
     "ownlibs": true,
     "qt": false,
     "cflags": [],
     "cppflags": [],
     "cxxflags": [],
     "fflags": [],
     "ldflags": [],
     "ldlibs": []
    },
    "dependencies": {
     "ncurses": {
      "hash": "6skmc2fdupyd3xnwnkrsulworqvgx2zz",
      "type": [
       "build",
       "link"
      ]
     },
     "openssl": {
      "hash": "izrybzztdiudyfgwzubghcm5ksfkuszt",
      "type": [
       "build",
       "link"
      ]
     }
    },
    "hash": "vvuxejcejmlellevwdjzqkef6wu7xtah"
   }
  },
  "6skmc2fdupyd3xnwnkrsulworqvgx2zz": {
   "ncurses": {
    "version": "6.1",
    "arch": {
     "platform": "linux",
     "platform_os": "rhel7",
     "target": "ppc64le"
    },
    "compiler": {
     "name": "gcc",
     "version": "7.3.0"
    },
    "namespace": "builtin",
    "parameters": {
     "symlinks": false,
     "termlib": false,
     "cflags": [],
     "cppflags": [],
     "cxxflags": [],
     "fflags": [],
     "ldflags": [],
     "ldlibs": []
    },
    "dependencies": {
     "pkgconf": {
      "hash": "y2z7aw4oz2vl3zyp2jzgetpmfxz4tzx3",
      "type": [
       "build"
      ]
     }
    },
    "hash": "cemr5hmthl3cozhdnf5q4xcclrbl46uy"
   }
  },
  "y2z7aw4oz2vl3zyp2jzgetpmfxz4tzx3": {
   "pkgconf": {
    "version": "1.6.3",
    "arch": {
     "platform": "linux",
     "platform_os": "rhel7",
     "target": "ppc64le"
    },
    "compiler": {
     "name": "gcc",
     "version": "7.3.0"
    },
    "namespace": "builtin",
    "parameters": {
     "cflags": [],
     "cppflags": [],
     "cxxflags": [],
     "fflags": [],
     "ldflags": [],
     "ldlibs": []
    },
    "hash": "y2z7aw4oz2vl3zyp2jzgetpmfxz4tzx3"
   }
  },
  "izrybzztdiudyfgwzubghcm5ksfkuszt": {
   "openssl": {
    "version": "1.1.1d",
    "arch": {
     "platform": "linux",
     "platform_os": "rhel7",
     "target": "ppc64le"
    },
    "compiler": {
     "name": "gcc",
     "version": "7.3.0"
    },
    "namespace": "builtin",
    "parameters": {
     "systemcerts": true,
     "cflags": [],
     "cppflags": [],
     "cxxflags": [],
     "fflags": [],
     "ldflags": [],
     "ldlibs": []
    },
    "dependencies": {
     "perl": {
      "hash": "istui6vezsaaxfgptvyqpb2uy445zjcn",
      "type": [
       "build",
       "test"
      ]
     },
     "zlib": {
      "hash": "p5okwa3bjpvjro3jy73qdstf655cyfru",
      "type": [
       "build",
       "link"
      ]
     }
    },
    "hash": "xfnme46wnoo3jzbyy7g46in4xpv6de5a"
   }
  },
  "istui6vezsaaxfgptvyqpb2uy445zjcn": {
   "perl": {
    "version": "5.30.0",
    "arch": {
     "platform": "linux",
     "platform_os": "rhel7",
     "target": "ppc64le"
    },
    "compiler": {
     "name": "gcc",
     "version": "7.3.0"
    },
    "namespace": "builtin",
    "parameters": {
     "cpanm": true,
     "shared": true,
     "threads": true,
     "cflags": [],
     "cppflags": [],
     "cxxflags": [],
     "fflags": [],
     "ldflags": [],
     "ldlibs": []
    },
    "dependencies": {
     "gdbm": {
      "hash": "eqjy4ta6wiawb6kz7fa7k2meww573vqc",
      "type": [
       "build",
       "link"
      ]
     }
    },
    "hash": "f2gj4q2byysqou3tgdmr5xx563643by5"
   }
  },
  "eqjy4ta6wiawb6kz7fa7k2meww573vqc": {
   "gdbm": {
    "version": "1.18.1",
    "arch": {
     "platform": "linux",
     "platform_os": "rhel7",
     "target": "ppc64le"
    },
    "compiler": {
     "name": "gcc",
     "version": "7.3.0"
    },
    "namespace": "builtin",
    "parameters": {
     "cflags": [],
     "cppflags": [],
     "cxxflags": [],
     "fflags": [],
     "ldflags": [],
     "ldlibs": []
    },
    "dependencies": {
     "readline": {
      "hash": "xd35bk7aryhbe2zlz4hz6s4qit5c33p4",
      "type": [
       "build",
       "link"
      ]
     }
    },
    "hash": "mqqkf2gr635cqwrynt4ovfpi5tfurbq3"
   }
  },
  "xd35bk7aryhbe2zlz4hz6s4qit5c33p4": {
   "readline": {
    "version": "8.0",
    "arch": {
     "platform": "linux",
     "platform_os": "rhel7",
     "target": "ppc64le"
    },
    "compiler": {
     "name": "gcc",
     "version": "7.3.0"
    },
    "namespace": "builtin",
    "parameters": {
     "cflags": [],
     "cppflags": [],
     "cxxflags": [],
     "fflags": [],
     "ldflags": [],
     "ldlibs": []
    },
    "dependencies": {
     "ncurses": {
      "hash": "6skmc2fdupyd3xnwnkrsulworqvgx2zz",
      "type": [
       "build",
       "link"
      ]
     }
    },
    "hash": "xfq2o42efyv6nvktdsmuqw5ybenovvyf"
   }
  },
  "p5okwa3bjpvjro3jy73qdstf655cyfru": {
   "zlib": {
    "version": "1.2.11",
    "arch": {
     "platform": "linux",
     "platform_os": "rhel7",
     "target": "ppc64le"
    },
    "compiler": {
     "name": "gcc",
     "version": "7.3.0"
    },
    "namespace": "builtin",
    "parameters": {
     "optimize": true,
     "pic": true,
     "shared": true,
     "cflags": [],
     "cppflags": [],
     "cxxflags": [],
     "fflags": [],
     "ldflags": [],
     "ldlibs": []
    },
    "hash": "p5okwa3bjpvjro3jy73qdstf655cyfru"
   }
  },
  "gysoxfghg7javkq2v5xl3bp25lubhwsu": {
   "nasm": {
    "version": "2.14.02",
    "arch": {
     "platform": "linux",
     "platform_os": "rhel7",
     "target": "ppc64le"
    },
    "compiler": {
     "name": "gcc",
     "version": "7.3.0"
    },
    "namespace": "builtin",
    "parameters": {
     "cflags": [],
     "cppflags": [],
     "cxxflags": [],
     "fflags": [],
     "ldflags": [],
     "ldlibs": []
    },
    "hash": "gysoxfghg7javkq2v5xl3bp25lubhwsu"
   }
  },
  "ny3y5nuqrybi52d5fp6sa566gdsbvtdn": {
   "pcre": {
    "version": "8.42",
    "arch": {
     "platform": "linux",
     "platform_os": "rhel7",
     "target": "ppc64le"
    },
    "compiler": {
     "name": "gcc",
     "version": "7.3.0"
    },
    "namespace": "builtin",
    "parameters": {
     "jit": false,
     "multibyte": true,
     "utf": true,
     "cflags": [],
     "cppflags": [],
     "cxxflags": [],
     "fflags": [],
     "ldflags": [],
     "ldlibs": []
    },
    "hash": "ny3y5nuqrybi52d5fp6sa566gdsbvtdn"
   }
  },
  "6vs2lt2rjcs66hwzxyn5rxajzbzl6uct": {
   "mpich": {
    "version": "3.2.1",
    "arch": {
     "platform": "linux",
     "platform_os": "rhel7",
     "target": "ppc64le"
    },
    "compiler": {
     "name": "gcc",
     "version": "7.3.0"
    },
    "namespace": "builtin",
    "parameters": {
     "device": "ch3",
     "hydra": true,
     "netmod": "tcp",
     "pci": true,
     "pmi": "pmi",
     "romio": true,
     "slurm": false,
     "verbs": false,
     "wrapperrpath": false,
     "cflags": [],
     "cppflags": [],
     "cxxflags": [],
     "fflags": [],
     "ldflags": [],
     "ldlibs": []
    },
    "dependencies": {
     "findutils": {
      "hash": "47edfh665jb4sqykurv5by5itggenboc",
      "type": [
       "build"
      ]
     },
     "libpciaccess": {
      "hash": "s65xz7qours2yfmcddy33yxb3sjhh7cv",
      "type": [
       "build",
       "link"
      ]
     },
     "libxml2": {
      "hash": "uwwwkpviiohrrynubcvqrpm4rt4r7tfp",
      "type": [
       "build",
       "link"
      ]
     },
     "pkgconf": {
      "hash": "y2z7aw4oz2vl3zyp2jzgetpmfxz4tzx3",
      "type": [
       "build"
      ]
     }
    },
    "hash": "zh5d6cb6ovlsvbp46hy55g6vm46rnuhu"
   }
  },
  "47edfh665jb4sqykurv5by5itggenboc": {
   "findutils": {
    "version": "4.6.0",
    "arch": {
     "platform": "linux",
     "platform_os": "rhel7",
     "target": "ppc64le"
    },
    "compiler": {
     "name": "gcc",
     "version": "7.3.0"
    },
    "namespace": "builtin",
    "parameters": {
     "patches": [
      "84b916c0bf8c51b7e7b28417692f0ad3e7030d1f3c248ba77c42ede5c1c5d11e",
      "bd9e4e5cc280f9753ae14956c4e4aa17fe7a210f55dd6c84aa60b12d106d47a2"
     ],
     "cflags": [],
     "cppflags": [],
     "cxxflags": [],
     "fflags": [],
     "ldflags": [],
     "ldlibs": []
    },
    "patches": [
     "84b916c0bf8c51b7e7b28417692f0ad3e7030d1f3c248ba77c42ede5c1c5d11e",
     "bd9e4e5cc280f9753ae14956c4e4aa17fe7a210f55dd6c84aa60b12d106d47a2"
    ],
    "dependencies": {
     "autoconf": {
      "hash": "eqmpvchgzsdgq7kjfw45hcylg4oarje4",
      "type": [
       "build"
      ]
     },
     "automake": {
      "hash": "wo2b6zikllfeowic4y4butxsdoga6dba",
      "type": [
       "build"
      ]
     },
     "libtool": {
      "hash": "wkkwofifjn5dldn3xeowxo3rdvsvqlbd",
      "type": [
       "build"
      ]
     },
     "m4": {
      "hash": "pzzjla4pqruhvqth6a6xszynkx35hjkn",
      "type": [
       "build"
      ]
     },
     "texinfo": {
      "hash": "umzjqky4b5aecb526rb5zye22akbh4jj",
      "type": [
       "build"
      ]
     }
    },
    "hash": "zbt7jdeiwy6wyidr6y7dgzedf3zz75mp"
   }
  },
  "eqmpvchgzsdgq7kjfw45hcylg4oarje4": {
   "autoconf": {
    "version": "2.69",
    "arch": {
     "platform": "linux",
     "platform_os": "rhel7",
     "target": "ppc64le"
    },
    "compiler": {
     "name": "gcc",
     "version": "7.3.0"
    },
    "namespace": "builtin",
    "parameters": {
     "cflags": [],
     "cppflags": [],
     "cxxflags": [],
     "fflags": [],
     "ldflags": [],
     "ldlibs": []
    },
    "dependencies": {
     "m4": {
      "hash": "pzzjla4pqruhvqth6a6xszynkx35hjkn",
      "type": [
       "build",
       "run"
      ]
     },
     "perl": {
      "hash": "istui6vezsaaxfgptvyqpb2uy445zjcn",
      "type": [
       "build",
       "run"
      ]
     }
    },
    "hash": "eahhur2jgxcjfmynwbl2mrsiiynmxrpi"
   }
  },
  "pzzjla4pqruhvqth6a6xszynkx35hjkn": {
   "m4": {
    "version": "1.4.18",
    "arch": {
     "platform": "linux",
     "platform_os": "rhel7",
     "target": "ppc64le"
    },
    "compiler": {
     "name": "gcc",
     "version": "7.3.0"
    },
    "namespace": "builtin",
    "parameters": {
     "patches": [
      "3877ab548f88597ab2327a2230ee048d2d07ace1062efe81fc92e91b7f39cd00",
      "fc9b61654a3ba1a8d6cd78ce087e7c96366c290bc8d2c299f09828d793b853c8"
     ],
     "sigsegv": true,
     "cflags": [],
     "cppflags": [],
     "cxxflags": [],
     "fflags": [],
     "ldflags": [],
     "ldlibs": []
    },
    "patches": [
     "3877ab548f88597ab2327a2230ee048d2d07ace1062efe81fc92e91b7f39cd00",
     "fc9b61654a3ba1a8d6cd78ce087e7c96366c290bc8d2c299f09828d793b853c8"
    ],
    "dependencies": {
     "libsigsegv": {
      "hash": "za4kpna3ctq6tdvepov7ttxmahdw6xty",
      "type": [
       "build",
       "link"
      ]
     }
    },
    "hash": "pzzjla4pqruhvqth6a6xszynkx35hjkn"
   }
  },
  "za4kpna3ctq6tdvepov7ttxmahdw6xty": {
   "libsigsegv": {
    "version": "2.12",
    "arch": {
     "platform": "linux",
     "platform_os": "rhel7",
     "target": "ppc64le"
    },
    "compiler": {
     "name": "gcc",
     "version": "7.3.0"
    },
    "namespace": "builtin",
    "parameters": {
     "cflags": [],
     "cppflags": [],
     "cxxflags": [],
     "fflags": [],
     "ldflags": [],
     "ldlibs": []
    },
    "hash": "za4kpna3ctq6tdvepov7ttxmahdw6xty"
   }
  },
  "wo2b6zikllfeowic4y4butxsdoga6dba": {
   "automake": {
    "version": "1.16.1",
    "arch": {
     "platform": "linux",
     "platform_os": "rhel7",
     "target": "ppc64le"
    },
    "compiler": {
     "name": "gcc",
     "version": "7.3.0"
    },
    "namespace": "builtin",
    "parameters": {
     "cflags": [],
     "cppflags": [],
     "cxxflags": [],
     "fflags": [],
     "ldflags": [],
     "ldlibs": []
    },
    "dependencies": {
     "autoconf": {
      "hash": "eqmpvchgzsdgq7kjfw45hcylg4oarje4",
      "type": [
       "build"
      ]
     },
     "perl": {
      "hash": "istui6vezsaaxfgptvyqpb2uy445zjcn",
      "type": [
       "build",
       "run"
      ]
     }
    },
    "hash": "cqyavufmostrzzzbjwd4hblqojoviwxy"
   }
  },
  "wkkwofifjn5dldn3xeowxo3rdvsvqlbd": {
   "libtool": {
    "version": "2.4.6",
    "arch": {
     "platform": "linux",
     "platform_os": "rhel7",
     "target": "ppc64le"
    },
    "compiler": {
     "name": "gcc",
     "version": "7.3.0"
    },
    "namespace": "builtin",
    "parameters": {
     "cflags": [],
     "cppflags": [],
     "cxxflags": [],
     "fflags": [],
     "ldflags": [],
     "ldlibs": []
    },
    "dependencies": {
     "m4": {
      "hash": "pzzjla4pqruhvqth6a6xszynkx35hjkn",
      "type": [
       "build"
      ]
     }
    },
    "hash": "qo367qgrvbjf3uo3b7inzc5yl6ovlgmg"
   }
  },
  "umzjqky4b5aecb526rb5zye22akbh4jj": {
   "texinfo": {
    "version": "6.5",
    "arch": {
     "platform": "linux",
     "platform_os": "rhel7",
     "target": "ppc64le"
    },
    "compiler": {
     "name": "gcc",
     "version": "7.3.0"
    },
    "namespace": "builtin",
    "parameters": {
     "cflags": [],
     "cppflags": [],
     "cxxflags": [],
     "fflags": [],
     "ldflags": [],
     "ldlibs": []
    },
    "dependencies": {
     "perl": {
      "hash": "istui6vezsaaxfgptvyqpb2uy445zjcn",
      "type": [
       "build",
       "link"
      ]
     }
    },
    "hash": "qvcliepcakosbi5kbukplf5cbes6melo"
   }
  },
  "s65xz7qours2yfmcddy33yxb3sjhh7cv": {
   "libpciaccess": {
    "version": "0.13.5",
    "arch": {
     "platform": "linux",
     "platform_os": "rhel7",
     "target": "ppc64le"
    },
    "compiler": {
     "name": "gcc",
     "version": "7.3.0"
    },
    "namespace": "builtin",
    "parameters": {
     "cflags": [],
     "cppflags": [],
     "cxxflags": [],
     "fflags": [],
     "ldflags": [],
     "ldlibs": []
    },
    "dependencies": {
     "libtool": {
      "hash": "wkkwofifjn5dldn3xeowxo3rdvsvqlbd",
      "type": [
       "build"
      ]
     },
     "pkgconf": {
      "hash": "y2z7aw4oz2vl3zyp2jzgetpmfxz4tzx3",
      "type": [
       "build"
      ]
     },
     "util-macros": {
      "hash": "qfyd3bruhmravrxxgnry6btczexk3hld",
      "type": [
       "build"
      ]
     }
    },
    "hash": "flx3yxjcuze5f3euuzhsq3y52telzr3z"
   }
  },
  "qfyd3bruhmravrxxgnry6btczexk3hld": {
   "util-macros": {
    "version": "1.19.1",
    "arch": {
     "platform": "linux",
     "platform_os": "rhel7",
     "target": "ppc64le"
    },
    "compiler": {
     "name": "gcc",
     "version": "7.3.0"
    },
    "namespace": "builtin",
    "parameters": {
     "cflags": [],
     "cppflags": [],
     "cxxflags": [],
     "fflags": [],
     "ldflags": [],
     "ldlibs": []
    },
    "hash": "qfyd3bruhmravrxxgnry6btczexk3hld"
   }
  },
  "uwwwkpviiohrrynubcvqrpm4rt4r7tfp": {
   "libxml2": {
    "version": "2.9.9",
    "arch": {
     "platform": "linux",
     "platform_os": "rhel7",
     "target": "ppc64le"
    },
    "compiler": {
     "name": "gcc",
     "version": "7.3.0"
    },
    "namespace": "builtin",
    "parameters": {
     "python": false,
     "cflags": [],
     "cppflags": [],
     "cxxflags": [],
     "fflags": [],
     "ldflags": [],
     "ldlibs": []
    },
    "dependencies": {
     "libiconv": {
      "hash": "rmd6myzder6gjbp37sebggma4d5ctwwo",
      "type": [
       "build",
       "link"
      ]
     },
     "pkgconf": {
      "hash": "y2z7aw4oz2vl3zyp2jzgetpmfxz4tzx3",
      "type": [
       "build"
      ]
     },
     "xz": {
      "hash": "v2f2wcxjpx4izs4iw7oyxmmhsdkchgtk",
      "type": [
       "build",
       "link"
      ]
     },
     "zlib": {
      "hash": "p5okwa3bjpvjro3jy73qdstf655cyfru",
      "type": [
       "build",
       "link"
      ]
     }
    },
    "hash": "3zf7kbolsesnim45gzfujdvdar6pgfuk"
   }
  },
  "rmd6myzder6gjbp37sebggma4d5ctwwo": {
   "libiconv": {
    "version": "1.16",
    "arch": {
     "platform": "linux",
     "platform_os": "rhel7",
     "target": "ppc64le"
    },
    "compiler": {
     "name": "gcc",
     "version": "7.3.0"
    },
    "namespace": "builtin",
    "parameters": {
     "cflags": [],
     "cppflags": [],
     "cxxflags": [],
     "fflags": [],
     "ldflags": [],
     "ldlibs": []
    },
    "hash": "rmd6myzder6gjbp37sebggma4d5ctwwo"
   }
  },
  "v2f2wcxjpx4izs4iw7oyxmmhsdkchgtk": {
   "xz": {
    "version": "5.2.4",
    "arch": {
     "platform": "linux",
     "platform_os": "rhel7",
     "target": "ppc64le"
    },
    "compiler": {
     "name": "gcc",
     "version": "7.3.0"
    },
    "namespace": "builtin",
    "parameters": {
     "cflags": [],
     "cppflags": [],
     "cxxflags": [],
     "fflags": [],
     "ldflags": [],
     "ldlibs": []
    },
    "hash": "v2f2wcxjpx4izs4iw7oyxmmhsdkchgtk"
   }
  },
  "e56bfho5aig6h2afleuondoh53ynntbu": {
   "lmod": {
    "version": "8.1.5",
    "arch": {
     "platform": "linux",
     "platform_os": "rhel7",
     "target": "ppc64le"
    },
    "compiler": {
     "name": "gcc",
     "version": "7.3.0"
    },
    "namespace": "builtin",
    "parameters": {
     "cflags": [],
     "cppflags": [],
     "cxxflags": [],
     "fflags": [],
     "ldflags": [],
     "ldlibs": []
    },
    "dependencies": {
     "lua": {
      "hash": "ftqqxi6czo7htvbo4lxrnyeof5bbjs6y",
      "type": [
       "build",
       "link"
      ]
     },
     "lua-luafilesystem": {
      "hash": "joi4e4w7l6rqv4ojtuuurqpjopsqe2a6",
      "type": [
       "build",
       "run"
      ]
     },
     "lua-luaposix": {
      "hash": "q5fhvtt7d6mb4xxbf22cbyp2l2fshfxe",
      "type": [
       "build",
       "run"
      ]
     },
     "tcl": {
      "hash": "pjemb3ywiu5w75g5wncmawf63f7uyruo",
      "type": [
       "build",
       "link",
       "run"
      ]
     }
    },
    "hash": "6d7c4ajufa4h6mf4x6vn3a3jg3fusf3s"
   }
  },
  "ftqqxi6czo7htvbo4lxrnyeof5bbjs6y": {
   "lua": {
    "version": "5.3.5",
    "arch": {
     "platform": "linux",
     "platform_os": "rhel7",
     "target": "ppc64le"
    },
    "compiler": {
     "name": "gcc",
     "version": "7.3.0"
    },
    "namespace": "builtin",
    "parameters": {
     "cflags": [],
     "cppflags": [],
     "cxxflags": [],
     "fflags": [],
     "ldflags": [],
     "ldlibs": []
    },
    "dependencies": {
     "ncurses": {
      "hash": "6skmc2fdupyd3xnwnkrsulworqvgx2zz",
      "type": [
       "build",
       "link"
      ]
     },
     "readline": {
      "hash": "xd35bk7aryhbe2zlz4hz6s4qit5c33p4",
      "type": [
       "build",
       "link"
      ]
     },
     "unzip": {
      "hash": "5e62f2s3fs5aodxqxkqwqq3tb5oudu3h",
      "type": [
       "run"
      ]
     }
    },
    "hash": "oewrmxjgrlzz2njjkl7bcf5x7s2ob3fx"
   }
  },
  "5e62f2s3fs5aodxqxkqwqq3tb5oudu3h": {
   "unzip": {
    "version": "6.0",
    "arch": {
     "platform": "linux",
     "platform_os": "rhel7",
     "target": "ppc64le"
    },
    "compiler": {
     "name": "gcc",
     "version": "7.3.0"
    },
    "namespace": "builtin",
    "parameters": {
     "cflags": [],
     "cppflags": [],
     "cxxflags": [],
     "fflags": [],
     "ldflags": [],
     "ldlibs": []
    },
    "hash": "5e62f2s3fs5aodxqxkqwqq3tb5oudu3h"
   }
  },
  "joi4e4w7l6rqv4ojtuuurqpjopsqe2a6": {
   "lua-luafilesystem": {
    "version": "1_7_0_2",
    "arch": {
     "platform": "linux",
     "platform_os": "rhel7",
     "target": "ppc64le"
    },
    "compiler": {
     "name": "gcc",
     "version": "7.3.0"
    },
    "namespace": "builtin",
    "parameters": {
     "cflags": [],
     "cppflags": [],
     "cxxflags": [],
     "fflags": [],
     "ldflags": [],
     "ldlibs": []
    },
    "dependencies": {
     "git": {
      "hash": "umxryv3wo2t425ziw5ouobqdfovpyfww",
      "type": [
       "build"
      ]
     },
     "lua": {
      "hash": "ftqqxi6czo7htvbo4lxrnyeof5bbjs6y",
      "type": [
       "build",
       "link"
      ]
     }
    },
    "hash": "sgdsckveumqd636f5mvrmwttu2ehdjni"
   }
  },
  "umxryv3wo2t425ziw5ouobqdfovpyfww": {
   "git": {
    "version": "2.21.0",
    "arch": {
     "platform": "linux",
     "platform_os": "rhel7",
     "target": "ppc64le"
    },
    "compiler": {
     "name": "gcc",
     "version": "7.3.0"
    },
    "namespace": "builtin",
    "parameters": {
     "tcltk": false,
     "cflags": [],
     "cppflags": [],
     "cxxflags": [],
     "fflags": [],
     "ldflags": [],
     "ldlibs": []
    },
    "dependencies": {
     "autoconf": {
      "hash": "eqmpvchgzsdgq7kjfw45hcylg4oarje4",
      "type": [
       "build"
      ]
     },
     "automake": {
      "hash": "wo2b6zikllfeowic4y4butxsdoga6dba",
      "type": [
       "build"
      ]
     },
     "curl": {
      "hash": "haepdqebrf6hwyf6an5ptelcirkn7omj",
      "type": [
       "build",
       "link"
      ]
     },
     "expat": {
      "hash": "pem2efouhauy5q5sonp6egaetunthsnu",
      "type": [
       "build",
       "link"
      ]
     },
     "gettext": {
      "hash": "mk4hoil4ddbrhlwuvfmut646xzamwjr6",
      "type": [
       "build",
       "link"
      ]
     },
     "libiconv": {
      "hash": "rmd6myzder6gjbp37sebggma4d5ctwwo",
      "type": [
       "build",
       "link"
      ]
     },
     "libtool": {
      "hash": "wkkwofifjn5dldn3xeowxo3rdvsvqlbd",
      "type": [
       "build"
      ]
     },
     "m4": {
      "hash": "pzzjla4pqruhvqth6a6xszynkx35hjkn",
      "type": [
       "build"
      ]
     },
     "openssl": {
      "hash": "izrybzztdiudyfgwzubghcm5ksfkuszt",
      "type": [
       "build",
       "link"
      ]
     },
     "pcre": {
      "hash": "cu56ksx25dk3icyqdjsexsxuii3txmtp",
      "type": [
       "build",
       "link"
      ]
     },
     "perl": {
      "hash": "istui6vezsaaxfgptvyqpb2uy445zjcn",
      "type": [
       "build",
       "link"
      ]
     },
     "zlib": {
      "hash": "p5okwa3bjpvjro3jy73qdstf655cyfru",
      "type": [
       "build",
       "link"
      ]
     }
    },
    "hash": "32xa7q5bjx5zqmfstdtgs6pvwitxdglz"
   }
  },
  "haepdqebrf6hwyf6an5ptelcirkn7omj": {
   "curl": {
    "version": "7.63.0",
    "arch": {
     "platform": "linux",
     "platform_os": "rhel7",
     "target": "ppc64le"
    },
    "compiler": {
     "name": "gcc",
     "version": "7.3.0"
    },
    "namespace": "builtin",
    "parameters": {
     "darwinssl": false,
     "gssapi": false,
     "libssh": false,
     "libssh2": false,
     "nghttp2": false,
     "cflags": [],
     "cppflags": [],
     "cxxflags": [],
     "fflags": [],
     "ldflags": [],
     "ldlibs": []
    },
    "dependencies": {
     "openssl": {
      "hash": "izrybzztdiudyfgwzubghcm5ksfkuszt",
      "type": [
       "build",
       "link"
      ]
     },
     "zlib": {
      "hash": "p5okwa3bjpvjro3jy73qdstf655cyfru",
      "type": [
       "build",
       "link"
      ]
     }
    },
    "hash": "xe5f5zmc7joop3gjicbcjr7omlbzvsok"
   }
  },
  "pem2efouhauy5q5sonp6egaetunthsnu": {
   "expat": {
    "version": "2.2.9",
    "arch": {
     "platform": "linux",
     "platform_os": "rhel7",
     "target": "ppc64le"
    },
    "compiler": {
     "name": "gcc",
     "version": "7.3.0"
    },
    "namespace": "builtin",
    "parameters": {
     "libbsd": true,
     "cflags": [],
     "cppflags": [],
     "cxxflags": [],
     "fflags": [],
     "ldflags": [],
     "ldlibs": []
    },
    "dependencies": {
     "libbsd": {
      "hash": "4rurmmiipbtgss5m5asjdqu63aanm42r",
      "type": [
       "build",
       "link"
      ]
     }
    },
    "hash": "pem2efouhauy5q5sonp6egaetunthsnu"
   }
  },
  "4rurmmiipbtgss5m5asjdqu63aanm42r": {
   "libbsd": {
    "version": "0.9.1",
    "arch": {
     "platform": "linux",
     "platform_os": "rhel7",
     "target": "ppc64le"
    },
    "compiler": {
     "name": "gcc",
     "version": "7.3.0"
    },
    "namespace": "builtin",
    "parameters": {
     "cflags": [],
     "cppflags": [],
     "cxxflags": [],
     "fflags": [],
     "ldflags": [],
     "ldlibs": []
    },
    "hash": "4rurmmiipbtgss5m5asjdqu63aanm42r"
   }
  },
  "mk4hoil4ddbrhlwuvfmut646xzamwjr6": {
   "gettext": {
    "version": "0.20.1",
    "arch": {
     "platform": "linux",
     "platform_os": "rhel7",
     "target": "ppc64le"
    },
    "compiler": {
     "name": "gcc",
     "version": "7.3.0"
    },
    "namespace": "builtin",
    "parameters": {
     "bzip2": true,
     "curses": true,
     "git": true,
     "libunistring": false,
     "libxml2": true,
     "tar": true,
     "xz": true,
     "cflags": [],
     "cppflags": [],
     "cxxflags": [],
     "fflags": [],
     "ldflags": [],
     "ldlibs": []
    },
    "dependencies": {
     "bzip2": {
      "hash": "3mmrfneuzszcc6ym3dnsanu5wwbs2oyj",
      "type": [
       "build",
       "link"
      ]
     },
     "libxml2": {
      "hash": "uwwwkpviiohrrynubcvqrpm4rt4r7tfp",
      "type": [
       "build",
       "link"
      ]
     },
     "ncurses": {
      "hash": "6skmc2fdupyd3xnwnkrsulworqvgx2zz",
      "type": [
       "build",
       "link"
      ]
     },
     "tar": {
      "hash": "lpn2tobqruy254g7esy35673smr5b2tn",
      "type": [
       "build",
       "link"
      ]
     },
     "xz": {
      "hash": "v2f2wcxjpx4izs4iw7oyxmmhsdkchgtk",
      "type": [
       "build",
       "link",
       "run"
      ]
     }
    },
    "hash": "sccmed7qovhe3bxwkgj3xl7ig75se77h"
   }
  },
  "3mmrfneuzszcc6ym3dnsanu5wwbs2oyj": {
   "bzip2": {
    "version": "1.0.8",
    "arch": {
     "platform": "linux",
     "platform_os": "rhel7",
     "target": "ppc64le"
    },
    "compiler": {
     "name": "gcc",
     "version": "7.3.0"
    },
    "namespace": "builtin",
    "parameters": {
     "shared": true,
     "cflags": [],
     "cppflags": [],
     "cxxflags": [],
     "fflags": [],
     "ldflags": [],
     "ldlibs": []
    },
    "dependencies": {
     "diffutils": {
      "hash": "affkqoi3hcnph3e4ca2fquo7yru5uqu7",
      "type": [
       "build"
      ]
     }
    },
    "hash": "ulfon7dol5xbthz6buljj3rw6iwqtyex"
   }
  },
  "affkqoi3hcnph3e4ca2fquo7yru5uqu7": {
   "diffutils": {
    "version": "3.7",
    "arch": {
     "platform": "linux",
     "platform_os": "rhel7",
     "target": "ppc64le"
    },
    "compiler": {
     "name": "gcc",
     "version": "7.3.0"
    },
    "namespace": "builtin",
    "parameters": {
     "cflags": [],
     "cppflags": [],
     "cxxflags": [],
     "fflags": [],
     "ldflags": [],
     "ldlibs": []
    },
    "dependencies": {
     "libiconv": {
      "hash": "rmd6myzder6gjbp37sebggma4d5ctwwo",
      "type": [
       "build",
       "link"
      ]
     }
    },
    "hash": "affkqoi3hcnph3e4ca2fquo7yru5uqu7"
   }
  },
  "lpn2tobqruy254g7esy35673smr5b2tn": {
   "tar": {
    "version": "1.32",
    "arch": {
     "platform": "linux",
     "platform_os": "rhel7",
     "target": "ppc64le"
    },
    "compiler": {
     "name": "gcc",
     "version": "7.3.0"
    },
    "namespace": "builtin",
    "parameters": {
     "cflags": [],
     "cppflags": [],
     "cxxflags": [],
     "fflags": [],
     "ldflags": [],
     "ldlibs": []
    },
    "dependencies": {
     "libiconv": {
      "hash": "rmd6myzder6gjbp37sebggma4d5ctwwo",
      "type": [
       "build",
       "link"
      ]
     }
    },
    "hash": "lpn2tobqruy254g7esy35673smr5b2tn"
   }
  },
  "cu56ksx25dk3icyqdjsexsxuii3txmtp": {
   "pcre": {
    "version": "8.42",
    "arch": {
     "platform": "linux",
     "platform_os": "rhel7",
     "target": "ppc64le"
    },
    "compiler": {
     "name": "gcc",
     "version": "7.3.0"
    },
    "namespace": "builtin",
    "parameters": {
     "jit": true,
     "multibyte": true,
     "utf": true,
     "cflags": [],
     "cppflags": [],
     "cxxflags": [],
     "fflags": [],
     "ldflags": [],
     "ldlibs": []
    },
    "hash": "cu56ksx25dk3icyqdjsexsxuii3txmtp"
   }
  },
  "q5fhvtt7d6mb4xxbf22cbyp2l2fshfxe": {
   "lua-luaposix": {
    "version": "33.4.0",
    "arch": {
     "platform": "linux",
     "platform_os": "rhel7",
     "target": "ppc64le"
    },
    "compiler": {
     "name": "gcc",
     "version": "7.3.0"
    },
    "namespace": "builtin",
    "parameters": {
     "cflags": [],
     "cppflags": [],
     "cxxflags": [],
     "fflags": [],
     "ldflags": [],
     "ldlibs": []
    },
    "dependencies": {
     "lua": {
      "hash": "ftqqxi6czo7htvbo4lxrnyeof5bbjs6y",
      "type": [
       "build",
       "link"
      ]
     }
    },
    "hash": "c3fm6ritffems645agx372wopygl4qko"
   }
  },
  "pjemb3ywiu5w75g5wncmawf63f7uyruo": {
   "tcl": {
    "version": "8.6.8",
    "arch": {
     "platform": "linux",
     "platform_os": "rhel7",
     "target": "ppc64le"
    },
    "compiler": {
     "name": "gcc",
     "version": "7.3.0"
    },
    "namespace": "builtin",
    "parameters": {
     "cflags": [],
     "cppflags": [],
     "cxxflags": [],
     "fflags": [],
     "ldflags": [],
     "ldlibs": []
    },
    "dependencies": {
     "zlib": {
      "hash": "p5okwa3bjpvjro3jy73qdstf655cyfru",
      "type": [
       "build",
       "link"
      ]
     }
    },
    "hash": "pjemb3ywiu5w75g5wncmawf63f7uyruo"
   }
  }
 }
}