{
  "_meta": {
    "file-type": "spack-lockfile",
    "lockfile-version": 4,
    "specfile-version": 3
  },
  "spack": {
    "version": "0.21.0.dev0",
    "type": "git",
    "commit": "19dac780e880acd35859b07150bf6bbf069e8c17"
  },
  "roots": [
    {
      "hash": "deunglxtckbi3zqd2wm2xqythpje25hs",
      "spec": "libtree"
    },
    {
      "hash": "5onkv6j3v6foit6fct5kgajomx7e5l43",
      "spec": "lmod"
    },
    {
      "hash": "wcwa2lxltv6pmhgexwfp3uvy7jhoxe5i",
      "spec": "patchelf"
    }
  ],
  "concrete_specs": {
    "deunglxtckbi3zqd2wm2xqythpje25hs": {
      "name": "libtree",
      "version": "3.1.1",
      "arch": {
        "platform": "linux",
        "platform_os": "ubuntu20.04",
        "target": "ppc64le"
      },
      "compiler": {
        "name": "gcc",
        "version": "11.1.0"
      },
      "namespace": "builtin",
      "parameters": {
        "build_system": "makefile",
        "cflags": [],
        "cppflags": [],
        "cxxflags": [],
        "fflags": [],
        "ldflags": [],
        "ldlibs": []
      },
      "package_hash": "qkorlv3mtw65nl3dw6chwkry533iwjr6iu6usm3jmjtp4xgzlg5a====",
      "hash": "deunglxtckbi3zqd2wm2xqythpje25hs"
    },
    "5onkv6j3v6foit6fct5kgajomx7e5l43": {
      "name": "lmod",
      "version": "8.7.24",
      "arch": {
        "platform": "linux",
        "platform_os": "ubuntu20.04",
        "target": "ppc64le"
      },
      "compiler": {
        "name": "gcc",
        "version": "11.1.0"
      },
      "namespace": "builtin",
      "parameters": {
        "auto_swap": true,
        "build_system": "autotools",
        "redirect": false,
        "cflags": [],
        "cppflags": [],
        "cxxflags": [],
        "fflags": [],
        "ldflags": [],
        "ldlibs": []
      },
      "package_hash": "fmqaybnmvw3xy77jl4wpuauhcco2ubzx2c75weibsdhrz3itgvnq====",
      "dependencies": [
        {
          "name": "bc",
          "hash": "nc4rcauncguuyfwsauvktvqjinauzzkf",
          "type": [
            "build"
          ]
        },
        {
          "name": "gnuconfig",
          "hash": "nebvjbghcla26zbhafcagfgldslbffl5",
          "type": [
            "build"
          ]
        },
        {
          "name": "lua",
          "hash": "jtdizunusgoe2l7tbdo3nobrkytfkkqm",
          "type": [
            "build",
            "link"
          ]
        },
        {
          "name": "lua-luafilesystem",
          "hash": "cbd2eazmlnqqo6kri5nv5eucktqglll3",
          "type": [
            "build",
            "run"
          ]
        },
        {
          "name": "lua-luaposix",
          "hash": "uc6dvkn33djw3eq5gjeo44yjbwyn2h6t",
          "type": [
            "build",
            "run"
          ]
        },
        {
          "name": "tcl",
          "hash": "ypmh5hfksdk5tx6crbjr42ikcrw5lkv2",
          "type": [
            "build",
            "link",
            "run"
          ]
        }
      ],
      "hash": "5onkv6j3v6foit6fct5kgajomx7e5l43"
    },
    "nc4rcauncguuyfwsauvktvqjinauzzkf": {
      "name": "bc",
      "version": "1.07.1",
      "arch": {
        "platform": "linux",
        "platform_os": "ubuntu20.04",
        "target": "ppc64le"
      },
      "compiler": {
        "name": "gcc",
        "version": "11.1.0"
      },
      "namespace": "builtin",
      "parameters": {
        "build_system": "autotools",
        "cflags": [],
        "cppflags": [],
        "cxxflags": [],
        "fflags": [],
        "ldflags": [],
        "ldlibs": []
      },
      "package_hash": "dkyezjgtplsnct4myhvjghvabyfw7tria2z3e6zyikedaevrfiva====",
      "dependencies": [
        {
          "name": "ed",
          "hash": "76lejnoxyibi3m3344ylcf2gkm6ipdga",
          "type": [
            "build"
          ]
        },
        {
          "name": "gnuconfig",
          "hash": "nebvjbghcla26zbhafcagfgldslbffl5",
          "type": [
            "build"
          ]
        },
        {
          "name": "texinfo",
          "hash": "pfha3fxh7ysbubawxebmaw55xunsyg3d",
          "type": [
            "build"
          ]
        }
      ],
      "hash": "nc4rcauncguuyfwsauvktvqjinauzzkf"
    },
    "76lejnoxyibi3m3344ylcf2gkm6ipdga": {
      "name": "ed",
      "version": "1.4",
      "arch": {
        "platform": "linux",
        "platform_os": "ubuntu20.04",
        "target": "ppc64le"
      },
      "compiler": {
        "name": "gcc",
        "version": "11.1.0"
      },
      "namespace": "builtin",
      "parameters": {
        "build_system": "autotools",
        "cflags": [],
        "cppflags": [],
        "cxxflags": [],
        "fflags": [],
        "ldflags": [],
        "ldlibs": []
      },
      "package_hash": "52vpokosty2mznykfxfwa3t2szwwuarvaehq76ckuc46syxjnvzq====",
      "dependencies": [
        {
          "name": "gnuconfig",
          "hash": "nebvjbghcla26zbhafcagfgldslbffl5",
          "type": [
            "build"
          ]
        }
      ],
      "hash": "76lejnoxyibi3m3344ylcf2gkm6ipdga"
    },
    "nebvjbghcla26zbhafcagfgldslbffl5": {
      "name": "gnuconfig",
      "version": "2022-09-17",
      "arch": {
        "platform": "linux",
        "platform_os": "ubuntu20.04",
        "target": "ppc64le"
      },
      "compiler": {
        "name": "gcc",
        "version": "11.1.0"
      },
      "namespace": "builtin",
      "parameters": {
        "build_system": "generic",
        "cflags": [],
        "cppflags": [],
        "cxxflags": [],
        "fflags": [],
        "ldflags": [],
        "ldlibs": []
      },
      "package_hash": "2gikx4ks5wrf2cct3kt2ras4snqcrgwicovqmrn7sfac5g55qzdq====",
      "hash": "nebvjbghcla26zbhafcagfgldslbffl5"
    },
    "pfha3fxh7ysbubawxebmaw55xunsyg3d": {
      "name": "texinfo",
      "version": "7.0.3",
      "arch": {
        "platform": "linux",
        "platform_os": "ubuntu20.04",
        "target": "ppc64le"
      },
      "compiler": {
        "name": "gcc",
        "version": "11.1.0"
      },
      "namespace": "builtin",
      "parameters": {
        "build_system": "autotools",
        "cflags": [],
        "cppflags": [],
        "cxxflags": [],
        "fflags": [],
        "ldflags": [],
        "ldlibs": []
      },
      "package_hash": "6znrdrtm4uxttopi5wbtgk6mzxvmmycpbymkniuaruqe42rocckq====",
      "dependencies": [
        {
          "name": "gettext",
          "hash": "hbkenferika33nk44r4rrs4nkufictqw",
          "type": [
            "build",
            "link"
          ]
        },
        {
          "name": "gnuconfig",
          "hash": "nebvjbghcla26zbhafcagfgldslbffl5",
          "type": [
            "build"
          ]
        },
        {
          "name": "ncurses",
          "hash": "mq7ceorzluvfo52m6cwaw2cgkdspf6cj",
          "type": [
            "build",
            "link"
          ]
        },
        {
          "name": "perl",
          "hash": "fkjh4ptc6hqlawkpgcbt3wmkm4eqntgx",
          "type": [
            "build",
            "link"
          ]
        }
      ],
      "hash": "pfha3fxh7ysbubawxebmaw55xunsyg3d"
    },
    "hbkenferika33nk44r4rrs4nkufictqw": {
      "name": "gettext",
      "version": "0.21.1",
      "arch": {
        "platform": "linux",
        "platform_os": "ubuntu20.04",
        "target": "ppc64le"
      },
      "compiler": {
        "name": "gcc",
        "version": "11.1.0"
      },
      "namespace": "builtin",
      "parameters": {
        "build_system": "autotools",
        "bzip2": true,
        "curses": true,
        "git": true,
        "libunistring": false,
        "libxml2": true,
        "tar": true,
        "xz": true,
        "cflags": [],
        "cppflags": [],
        "cxxflags": [],
        "fflags": [],
        "ldflags": [],
        "ldlibs": []
      },
      "package_hash": "oppfualu4oiazqtmii6fys6pvskq2phehgtpruy5wivbbzj4b6bq====",
      "dependencies": [
        {
          "name": "bzip2",
          "hash": "34au5b32htluccnabaquzpd7cpykwme3",
          "type": [
            "build",
            "link"
          ]
        },
        {
          "name": "gnuconfig",
          "hash": "nebvjbghcla26zbhafcagfgldslbffl5",
          "type": [
            "build"
          ]
        },
        {
          "name": "libiconv",
          "hash": "64piwovrhemfojkhtoyhcdvxrfcy5n75",
          "type": [
            "build",
            "link"
          ]
        },
        {
          "name": "libxml2",
          "hash": "ciqgwkk6gtvmqodeixfiboyusdvarmqx",
          "type": [
            "build",
            "link"
          ]
        },
        {
          "name": "ncurses",
          "hash": "mq7ceorzluvfo52m6cwaw2cgkdspf6cj",
          "type": [
            "build",
            "link"
          ]
        },
        {
          "name": "tar",
          "hash": "it652k4xpk6p5dfm4ik3jhpa26fkj34c",
          "type": [
            "build",
            "link"
          ]
        },
        {
          "name": "xz",
          "hash": "bwfwve4skw2jkyeniasueoglcayq65es",
          "type": [
            "build",
            "link",
            "run"
          ]
        }
      ],
      "hash": "hbkenferika33nk44r4rrs4nkufictqw"
    },
    "34au5b32htluccnabaquzpd7cpykwme3": {
      "name": "bzip2",
      "version": "1.0.8",
      "arch": {
        "platform": "linux",
        "platform_os": "ubuntu20.04",
        "target": "ppc64le"
      },
      "compiler": {
        "name": "gcc",
        "version": "11.1.0"
      },
      "namespace": "builtin",
      "parameters": {
        "build_system": "generic",
        "debug": false,
        "pic": false,
        "shared": true,
        "cflags": [],
        "cppflags": [],
        "cxxflags": [],
        "fflags": [],
        "ldflags": [],
        "ldlibs": []
      },
      "package_hash": "uzbfzh3bgm44pop46fdhw5gm7bqbprjrq7uqe2ulgqpjsm5q553q====",
      "dependencies": [
        {
          "name": "diffutils",
          "hash": "426tuepmnjkjpku6eznddovoqnlzeezu",
          "type": [
            "build"
          ]
        }
      ],
      "hash": "34au5b32htluccnabaquzpd7cpykwme3"
    },
    "426tuepmnjkjpku6eznddovoqnlzeezu": {
      "name": "diffutils",
      "version": "3.9",
      "arch": {
        "platform": "linux",
        "platform_os": "ubuntu20.04",
        "target": "ppc64le"
      },
      "compiler": {
        "name": "gcc",
        "version": "11.1.0"
      },
      "namespace": "builtin",
      "parameters": {
        "build_system": "autotools",
        "cflags": [],
        "cppflags": [],
        "cxxflags": [],
        "fflags": [],
        "ldflags": [],
        "ldlibs": []
      },
      "package_hash": "4g5iq64vkozpp7pt3rtdkgieyjgtwwqphwqyjds3vik72jsjge7a====",
      "dependencies": [
        {
          "name": "gnuconfig",
          "hash": "nebvjbghcla26zbhafcagfgldslbffl5",
          "type": [
            "build"
          ]
        },
        {
          "name": "libiconv",
          "hash": "64piwovrhemfojkhtoyhcdvxrfcy5n75",
          "type": [
            "build",
            "link"
          ]
        }
      ],
      "hash": "426tuepmnjkjpku6eznddovoqnlzeezu"
    },
    "64piwovrhemfojkhtoyhcdvxrfcy5n75": {
      "name": "libiconv",
      "version": "1.17",
      "arch": {
        "platform": "linux",
        "platform_os": "ubuntu20.04",
        "target": "ppc64le"
      },
      "compiler": {
        "name": "gcc",
        "version": "11.1.0"
      },
      "namespace": "builtin",
      "parameters": {
        "build_system": "autotools",
        "libs": [
          "shared",
          "static"
        ],
        "cflags": [],
        "cppflags": [],
        "cxxflags": [],
        "fflags": [],
        "ldflags": [],
        "ldlibs": []
      },
      "package_hash": "b7u3icizfdwbv2p2bsoazku4gbodr4ww3p2ah5jcxuvnjsrb7sha====",
      "dependencies": [
        {
          "name": "gnuconfig",
          "hash": "nebvjbghcla26zbhafcagfgldslbffl5",
          "type": [
            "build"
          ]
        }
      ],
      "hash": "64piwovrhemfojkhtoyhcdvxrfcy5n75"
    },
    "ciqgwkk6gtvmqodeixfiboyusdvarmqx": {
      "name": "libxml2",
      "version": "2.10.3",
      "arch": {
        "platform": "linux",
        "platform_os": "ubuntu20.04",
        "target": "ppc64le"
      },
      "compiler": {
        "name": "gcc",
        "version": "11.1.0"
      },
      "namespace": "builtin",
      "parameters": {
        "build_system": "autotools",
        "python": false,
        "cflags": [],
        "cppflags": [],
        "cxxflags": [],
        "fflags": [],
        "ldflags": [],
        "ldlibs": []
      },
      "package_hash": "uzgvvclypo7qqmrcqzhgn6ddbq7qqlbzcyuapwl64n4uh275j7pa====",
      "dependencies": [
        {
          "name": "gnuconfig",
          "hash": "nebvjbghcla26zbhafcagfgldslbffl5",
          "type": [
            "build"
          ]
        },
        {
          "name": "libiconv",
          "hash": "64piwovrhemfojkhtoyhcdvxrfcy5n75",
          "type": [
            "build",
            "link"
          ]
        },
        {
          "name": "pkgconf",
          "hash": "scsz24nmfbl2w3y2nkz4hh6i77zagl3p",
          "type": [
            "build"
          ]
        },
        {
          "name": "xz",
          "hash": "bwfwve4skw2jkyeniasueoglcayq65es",
          "type": [
            "build",
            "link"
          ]
        },
        {
          "name": "zlib",
          "hash": "fdn5e3btlr3n5shes6qftekdwevuoidw",
          "type": [
            "build",
            "link"
          ]
        }
      ],
      "hash": "ciqgwkk6gtvmqodeixfiboyusdvarmqx"
    },
    "scsz24nmfbl2w3y2nkz4hh6i77zagl3p": {
      "name": "pkgconf",
      "version": "1.9.5",
      "arch": {
        "platform": "linux",
        "platform_os": "ubuntu20.04",
        "target": "ppc64le"
      },
      "compiler": {
        "name": "gcc",
        "version": "11.1.0"
      },
      "namespace": "builtin",
      "parameters": {
        "build_system": "autotools",
        "cflags": [],
        "cppflags": [],
        "cxxflags": [],
        "fflags": [],
        "ldflags": [],
        "ldlibs": []
      },
      "package_hash": "mwcvsiv3j27l74xz4dejqp54ushfxa36bj25mwwg4dciaphqzpca====",
      "dependencies": [
        {
          "name": "gnuconfig",
          "hash": "nebvjbghcla26zbhafcagfgldslbffl5",
          "type": [
            "build"
          ]
        }
      ],
      "hash": "scsz24nmfbl2w3y2nkz4hh6i77zagl3p"
    },
    "bwfwve4skw2jkyeniasueoglcayq65es": {
      "name": "xz",
      "version": "5.4.1",
      "arch": {
        "platform": "linux",
        "platform_os": "ubuntu20.04",
        "target": "ppc64le"
      },
      "compiler": {
        "name": "gcc",
        "version": "11.1.0"
      },
      "namespace": "builtin",
      "parameters": {
        "build_system": "autotools",
        "libs": [
          "shared",
          "static"
        ],
        "pic": false,
        "cflags": [],
        "cppflags": [],
        "cxxflags": [],
        "fflags": [],
        "ldflags": [],
        "ldlibs": []
      },
      "package_hash": "ads43zrvkj7am47nzsnp3kilt5wuci7zema6daamp2guqq2kcqha====",
      "dependencies": [
        {
          "name": "gnuconfig",
          "hash": "nebvjbghcla26zbhafcagfgldslbffl5",
          "type": [
            "build"
          ]
        }
      ],
      "hash": "bwfwve4skw2jkyeniasueoglcayq65es"
    },
    "fdn5e3btlr3n5shes6qftekdwevuoidw": {
      "name": "zlib",
      "version": "1.2.13",
      "arch": {
        "platform": "linux",
        "platform_os": "ubuntu20.04",
        "target": "ppc64le"
      },
      "compiler": {
        "name": "gcc",
        "version": "11.1.0"
      },
      "namespace": "builtin",
      "parameters": {
        "build_system": "makefile",
        "optimize": true,
        "pic": true,
        "shared": true,
        "cflags": [],
        "cppflags": [],
        "cxxflags": [],
        "fflags": [],
        "ldflags": [],
        "ldlibs": []
      },
      "package_hash": "y6ahhnjjjsfh5dx2y7sci7fhthq5aolyl5dgwif57qqbtjxwdwbq====",
      "hash": "fdn5e3btlr3n5shes6qftekdwevuoidw"
    },
    "mq7ceorzluvfo52m6cwaw2cgkdspf6cj": {
      "name": "ncurses",
      "version": "6.4",
      "arch": {
        "platform": "linux",
        "platform_os": "ubuntu20.04",
        "target": "ppc64le"
      },
      "compiler": {
        "name": "gcc",
        "version": "11.1.0"
      },
      "namespace": "builtin",
      "parameters": {
        "abi": "none",
        "build_system": "autotools",
        "symlinks": false,
        "termlib": true,
        "cflags": [],
        "cppflags": [],
        "cxxflags": [],
        "fflags": [],
        "ldflags": [],
        "ldlibs": []
      },
      "package_hash": "f4dhngazdplwea3xivbf2xuepc7i5j76amw6cy32ykyaa6k7uqda====",
      "dependencies": [
        {
          "name": "gnuconfig",
          "hash": "nebvjbghcla26zbhafcagfgldslbffl5",
          "type": [
            "build"
          ]
        },
        {
          "name": "pkgconf",
          "hash": "scsz24nmfbl2w3y2nkz4hh6i77zagl3p",
          "type": [
            "build"
          ]
        }
      ],
      "hash": "mq7ceorzluvfo52m6cwaw2cgkdspf6cj"
    },
    "it652k4xpk6p5dfm4ik3jhpa26fkj34c": {
      "name": "tar",
      "version": "1.34",
      "arch": {
        "platform": "linux",
        "platform_os": "ubuntu20.04",
        "target": "ppc64le"
      },
      "compiler": {
        "name": "gcc",
        "version": "11.1.0"
      },
      "namespace": "builtin",
      "parameters": {
        "build_system": "autotools",
        "zip": "pigz",
        "cflags": [],
        "cppflags": [],
        "cxxflags": [],
        "fflags": [],
        "ldflags": [],
        "ldlibs": []
      },
      "package_hash": "lenbnsjf43v4emz5uiadpdganwxydlkzcci4cue7qwyx7cfuz2jq====",
      "dependencies": [
        {
          "name": "bzip2",
          "hash": "34au5b32htluccnabaquzpd7cpykwme3",
          "type": [
            "run"
          ]
        },
        {
          "name": "gnuconfig",
          "hash": "nebvjbghcla26zbhafcagfgldslbffl5",
          "type": [
            "build"
          ]
        },
        {
          "name": "libiconv",
          "hash": "64piwovrhemfojkhtoyhcdvxrfcy5n75",
          "type": [
            "build",
            "link"
          ]
        },
        {
          "name": "pigz",
          "hash": "whbtl5u3y5e4wkfv4lo7pt5ugddfiodo",
          "type": [
            "run"
          ]
        },
        {
          "name": "xz",
          "hash": "bwfwve4skw2jkyeniasueoglcayq65es",
          "type": [
            "run"
          ]
        },
        {
          "name": "zstd",
          "hash": "uj7etizol3x2a5qmipduaadx2rlvycfa",
          "type": [
            "run"
          ]
        }
      ],
      "hash": "it652k4xpk6p5dfm4ik3jhpa26fkj34c"
    },
    "whbtl5u3y5e4wkfv4lo7pt5ugddfiodo": {
      "name": "pigz",
      "version": "2.7",
      "arch": {
        "platform": "linux",
        "platform_os": "ubuntu20.04",
        "target": "ppc64le"
      },
      "compiler": {
        "name": "gcc",
        "version": "11.1.0"
      },
      "namespace": "builtin",
      "parameters": {
        "build_system": "makefile",
        "cflags": [],
        "cppflags": [],
        "cxxflags": [],
        "fflags": [],
        "ldflags": [],
        "ldlibs": []
      },
      "package_hash": "qsaexggeegq3vvlfb52f627syjifgkn6cl5a7krpc7gokavzjtiq====",
      "dependencies": [
        {
          "name": "zlib",
          "hash": "fdn5e3btlr3n5shes6qftekdwevuoidw",
          "type": [
            "build",
            "link"
          ]
        }
      ],
      "hash": "whbtl5u3y5e4wkfv4lo7pt5ugddfiodo"
    },
    "uj7etizol3x2a5qmipduaadx2rlvycfa": {
      "name": "zstd",
      "version": "1.5.5",
      "arch": {
        "platform": "linux",
        "platform_os": "ubuntu20.04",
        "target": "ppc64le"
      },
      "compiler": {
        "name": "gcc",
        "version": "11.1.0"
      },
      "namespace": "builtin",
      "parameters": {
        "build_system": "makefile",
        "compression": [
          "none"
        ],
        "libs": [
          "shared",
          "static"
        ],
        "programs": true,
        "cflags": [],
        "cppflags": [],
        "cxxflags": [],
        "fflags": [],
        "ldflags": [],
        "ldlibs": []
      },
      "package_hash": "siyun7fbztstttmpvj6uca26svglxhtltno7se4cputoimuejuwq====",
      "hash": "uj7etizol3x2a5qmipduaadx2rlvycfa"
    },
    "fkjh4ptc6hqlawkpgcbt3wmkm4eqntgx": {
      "name": "perl",
      "version": "5.36.0",
      "arch": {
        "platform": "linux",
        "platform_os": "ubuntu20.04",
        "target": "ppc64le"
      },
      "compiler": {
        "name": "gcc",
        "version": "11.1.0"
      },
      "namespace": "builtin",
      "parameters": {
        "build_system": "generic",
        "cpanm": true,
        "open": true,
        "shared": true,
        "threads": true,
        "cflags": [],
        "cppflags": [],
        "cxxflags": [],
        "fflags": [],
        "ldflags": [],
        "ldlibs": []
      },
      "package_hash": "ywkatqmyz34tewgjaqscwyveok3tixrju7eq56dwu4q4wdj7g6da====",
      "dependencies": [
        {
          "name": "berkeley-db",
          "hash": "3rpea3qshxzcblqu7ljsuap5cmgeo2bc",
          "type": [
            "build",
            "link"
          ]
        },
        {
          "name": "bzip2",
          "hash": "34au5b32htluccnabaquzpd7cpykwme3",
          "type": [
            "build",
            "link"
          ]
        },
        {
          "name": "gdbm",
          "hash": "bxlwnbzyowe2vjqttd5k4fp7e2lg3jqh",
          "type": [
            "build",
            "link"
          ]
        },
        {
          "name": "zlib",
          "hash": "fdn5e3btlr3n5shes6qftekdwevuoidw",
          "type": [
            "build",
            "link"
          ]
        }
      ],
      "hash": "fkjh4ptc6hqlawkpgcbt3wmkm4eqntgx"
    },
    "3rpea3qshxzcblqu7ljsuap5cmgeo2bc": {
      "name": "berkeley-db",
      "version": "18.1.40",
      "arch": {
        "platform": "linux",
        "platform_os": "ubuntu20.04",
        "target": "ppc64le"
      },
      "compiler": {
        "name": "gcc",
        "version": "11.1.0"
      },
      "namespace": "builtin",
      "parameters": {
        "build_system": "autotools",
        "cxx": true,
        "docs": false,
        "patches": [
          "26090f418891757af46ac3b89a9f43d6eb5989f7a3dce3d1cfc99fba547203b3",
          "b231fcc4d5cff05e5c3a4814f6a5af0e9a966428dc2176540d2c05aff41de522"
        ],
        "stl": true,
        "cflags": [],
        "cppflags": [],
        "cxxflags": [],
        "fflags": [],
        "ldflags": [],
        "ldlibs": []
      },
      "patches": [
        "b231fcc4d5cff05e5c3a4814f6a5af0e9a966428dc2176540d2c05aff41de522",
        "26090f418891757af46ac3b89a9f43d6eb5989f7a3dce3d1cfc99fba547203b3"
      ],
      "package_hash": "h57ydfn33zevvzctzzioiiwjwe362izbbwncb6a26dfeno4y7tda====",
      "dependencies": [
        {
          "name": "gnuconfig",
          "hash": "nebvjbghcla26zbhafcagfgldslbffl5",
          "type": [
            "build"
          ]
        }
      ],
      "hash": "3rpea3qshxzcblqu7ljsuap5cmgeo2bc"
    },
    "bxlwnbzyowe2vjqttd5k4fp7e2lg3jqh": {
      "name": "gdbm",
      "version": "1.23",
      "arch": {
        "platform": "linux",
        "platform_os": "ubuntu20.04",
        "target": "ppc64le"
      },
      "compiler": {
        "name": "gcc",
        "version": "11.1.0"
      },
      "namespace": "builtin",
      "parameters": {
        "build_system": "autotools",
        "cflags": [],
        "cppflags": [],
        "cxxflags": [],
        "fflags": [],
        "ldflags": [],
        "ldlibs": []
      },
      "package_hash": "liepxl6phlcxbgfmibxafhewtihlgaa4x3hko37ckqlafhxkrgdq====",
      "dependencies": [
        {
          "name": "gnuconfig",
          "hash": "nebvjbghcla26zbhafcagfgldslbffl5",
          "type": [
            "build"
          ]
        },
        {
          "name": "readline",
          "hash": "ujew23tkqjm5cnjllf7xc7cmix5jwc4w",
          "type": [
            "build",
            "link"
          ]
        }
      ],
      "hash": "bxlwnbzyowe2vjqttd5k4fp7e2lg3jqh"
    },
    "ujew23tkqjm5cnjllf7xc7cmix5jwc4w": {
      "name": "readline",
      "version": "8.2",
      "arch": {
        "platform": "linux",
        "platform_os": "ubuntu20.04",
        "target": "ppc64le"
      },
      "compiler": {
        "name": "gcc",
        "version": "11.1.0"
      },
      "namespace": "builtin",
      "parameters": {
        "build_system": "autotools",
        "patches": [
          "bbf97f1ec40a929edab5aa81998c1e2ef435436c597754916e6a5868f273aff7"
        ],
        "cflags": [],
        "cppflags": [],
        "cxxflags": [],
        "fflags": [],
        "ldflags": [],
        "ldlibs": []
      },
      "patches": [
        "bbf97f1ec40a929edab5aa81998c1e2ef435436c597754916e6a5868f273aff7"
      ],
      "package_hash": "oww6dmr7xqgg6j7iiluonxbcl4irqnnrip4vfkjdwujncwnuhwuq====",
      "dependencies": [
        {
          "name": "gnuconfig",
          "hash": "nebvjbghcla26zbhafcagfgldslbffl5",
          "type": [
            "build"
          ]
        },
        {
          "name": "ncurses",
          "hash": "mq7ceorzluvfo52m6cwaw2cgkdspf6cj",
          "type": [
            "build",
            "link"
          ]
        }
      ],
      "hash": "ujew23tkqjm5cnjllf7xc7cmix5jwc4w"
    },
    "jtdizunusgoe2l7tbdo3nobrkytfkkqm": {
      "name": "lua",
      "version": "5.4.4",
      "arch": {
        "platform": "linux",
        "platform_os": "ubuntu20.04",
        "target": "ppc64le"
      },
      "compiler": {
        "name": "gcc",
        "version": "11.1.0"
      },
      "namespace": "builtin",
      "parameters": {
        "build_system": "makefile",
        "fetcher": "curl",
        "pcfile": false,
        "shared": true,
        "cflags": [],
        "cppflags": [],
        "cxxflags": [],
        "fflags": [],
        "ldflags": [],
        "ldlibs": []
      },
      "package_hash": "64sps7lbedhliixmkxsj2e526ythnatomxzd6fvahtbvj3pgw7pq====",
      "dependencies": [
        {
          "name": "curl",
          "hash": "e7siq6j5ynqguxpqzaidtg5bdvdlfxf4",
          "type": [
            "run"
          ]
        },
        {
          "name": "ncurses",
          "hash": "mq7ceorzluvfo52m6cwaw2cgkdspf6cj",
          "type": [
            "build",
            "link"
          ]
        },
        {
          "name": "readline",
          "hash": "ujew23tkqjm5cnjllf7xc7cmix5jwc4w",
          "type": [
            "build",
            "link"
          ]
        },
        {
          "name": "unzip",
          "hash": "gzfo25ikj7lu7lgrwj74bkmoqacsgnqu",
          "type": [
            "run"
          ]
        }
      ],
      "hash": "jtdizunusgoe2l7tbdo3nobrkytfkkqm"
    },
    "e7siq6j5ynqguxpqzaidtg5bdvdlfxf4": {
      "name": "curl",
      "version": "8.0.1",
      "arch": {
        "platform": "linux",
        "platform_os": "ubuntu20.04",
        "target": "ppc64le"
      },
      "compiler": {
        "name": "gcc",
        "version": "11.1.0"
      },
      "namespace": "builtin",
      "parameters": {
        "build_system": "autotools",
        "gssapi": false,
        "ldap": false,
        "libidn2": false,
        "librtmp": false,
        "libs": [
          "shared",
          "static"
        ],
        "libssh": false,
        "libssh2": false,
        "nghttp2": false,
        "tls": [
          "openssl"
        ],
        "cflags": [],
        "cppflags": [],
        "cxxflags": [],
        "fflags": [],
        "ldflags": [],
        "ldlibs": []
      },
      "package_hash": "vbzr7ix4vrln5ngaxl26w7g7k4gj4dhdxftndnlrii3xffe5oggq====",
      "dependencies": [
        {
          "name": "gnuconfig",
          "hash": "nebvjbghcla26zbhafcagfgldslbffl5",
          "type": [
            "build"
          ]
        },
        {
          "name": "openssl",
          "hash": "eqtqdfwyr7a45qet2ezhsbnvihaim76y",
          "type": [
            "build",
            "link"
          ]
        },
        {
          "name": "pkgconf",
          "hash": "scsz24nmfbl2w3y2nkz4hh6i77zagl3p",
          "type": [
            "build"
          ]
        },
        {
          "name": "zlib",
          "hash": "fdn5e3btlr3n5shes6qftekdwevuoidw",
          "type": [
            "build",
            "link"
          ]
        }
      ],
      "hash": "e7siq6j5ynqguxpqzaidtg5bdvdlfxf4"
    },
    "eqtqdfwyr7a45qet2ezhsbnvihaim76y": {
      "name": "openssl",
      "version": "1.1.1t",
      "arch": {
        "platform": "linux",
        "platform_os": "ubuntu20.04",
        "target": "ppc64le"
      },
      "compiler": {
        "name": "gcc",
        "version": "11.1.0"
      },
      "namespace": "builtin",
      "parameters": {
        "build_system": "generic",
        "certs": "mozilla",
        "docs": false,
        "shared": false,
        "cflags": [],
        "cppflags": [],
        "cxxflags": [],
        "fflags": [],
        "ldflags": [],
        "ldlibs": []
      },
      "package_hash": "3blropifzqprsgylxdwapevahivdtsjvmabx5cjh3ex2leyh7lqq====",
      "dependencies": [
        {
          "name": "ca-certificates-mozilla",
          "hash": "rmkclsfbjjnetw3o6ucxro4imkealb37",
          "type": [
            "build"
          ]
        },
        {
          "name": "perl",
          "hash": "fkjh4ptc6hqlawkpgcbt3wmkm4eqntgx",
          "type": [
            "build"
          ]
        },
        {
          "name": "zlib",
          "hash": "fdn5e3btlr3n5shes6qftekdwevuoidw",
          "type": [
            "build",
            "link"
          ]
        }
      ],
      "hash": "eqtqdfwyr7a45qet2ezhsbnvihaim76y"
    },
    "rmkclsfbjjnetw3o6ucxro4imkealb37": {
      "name": "ca-certificates-mozilla",
      "version": "2023-01-10",
      "arch": {
        "platform": "linux",
        "platform_os": "ubuntu20.04",
        "target": "ppc64le"
      },
      "compiler": {
        "name": "gcc",
        "version": "11.1.0"
      },
      "namespace": "builtin",
      "parameters": {
        "build_system": "generic",
        "cflags": [],
        "cppflags": [],
        "cxxflags": [],
        "fflags": [],
        "ldflags": [],
        "ldlibs": []
      },
      "package_hash": "rjs43v3dkqcisnwgzsiy3qo64oeqwpgmzncy6ypa4ckhtswcwhqa====",
      "hash": "rmkclsfbjjnetw3o6ucxro4imkealb37"
    },
    "gzfo25ikj7lu7lgrwj74bkmoqacsgnqu": {
      "name": "unzip",
      "version": "6.0",
      "arch": {
        "platform": "linux",
        "platform_os": "ubuntu20.04",
        "target": "ppc64le"
      },
      "compiler": {
        "name": "gcc",
        "version": "11.1.0"
      },
      "namespace": "builtin",
      "parameters": {
        "build_system": "makefile",
        "cflags": [],
        "cppflags": [],
        "cxxflags": [],
        "fflags": [],
        "ldflags": [],
        "ldlibs": []
      },
      "package_hash": "mecn7zyoecuahyhfb6ydpsdhw7sc3m7vflz4feu27vgjskjmvipa====",
      "hash": "gzfo25ikj7lu7lgrwj74bkmoqacsgnqu"
    },
    "cbd2eazmlnqqo6kri5nv5eucktqglll3": {
      "name": "lua-luafilesystem",
      "version": "1.8.0",
      "arch": {
        "platform": "linux",
        "platform_os": "ubuntu20.04",
        "target": "ppc64le"
      },
      "compiler": {
        "name": "gcc",
        "version": "11.1.0"
      },
      "namespace": "builtin",
      "parameters": {
        "build_system": "lua",
        "cflags": [],
        "cppflags": [],
        "cxxflags": [],
        "fflags": [],
        "ldflags": [],
        "ldlibs": []
      },
      "package_hash": "wd3qt4r6wsvh5eqidasaepaujzsee5lbfu7lg4n7z4qoqs2j2m2q====",
      "dependencies": [
        {
          "name": "lua",
          "hash": "jtdizunusgoe2l7tbdo3nobrkytfkkqm",
          "type": [
            "build",
            "link",
            "run"
          ]
        }
      ],
      "hash": "cbd2eazmlnqqo6kri5nv5eucktqglll3"
    },
    "uc6dvkn33djw3eq5gjeo44yjbwyn2h6t": {
      "name": "lua-luaposix",
      "version": "36.1",
      "arch": {
        "platform": "linux",
        "platform_os": "ubuntu20.04",
        "target": "ppc64le"
      },
      "compiler": {
        "name": "gcc",
        "version": "11.1.0"
      },
      "namespace": "builtin",
      "parameters": {
        "build_system": "lua",
        "cflags": [],
        "cppflags": [],
        "cxxflags": [],
        "fflags": [],
        "ldflags": [],
        "ldlibs": []
      },
      "package_hash": "u3bfjr6wtdv4yfwouqalazvk3iqbsmv667aw7jh3lxvehprffrfq====",
      "dependencies": [
        {
          "name": "lua",
          "hash": "jtdizunusgoe2l7tbdo3nobrkytfkkqm",
          "type": [
            "build",
            "link",
            "run"
          ]
        }
      ],
      "hash": "uc6dvkn33djw3eq5gjeo44yjbwyn2h6t"
    },
    "ypmh5hfksdk5tx6crbjr42ikcrw5lkv2": {
      "name": "tcl",
      "version": "8.6.12",
      "arch": {
        "platform": "linux",
        "platform_os": "ubuntu20.04",
        "target": "ppc64le"
      },
      "compiler": {
        "name": "gcc",
        "version": "11.1.0"
      },
      "namespace": "builtin",
      "parameters": {
        "build_system": "autotools",
        "cflags": [],
        "cppflags": [],
        "cxxflags": [],
        "fflags": [],
        "ldflags": [],
        "ldlibs": []
      },
      "package_hash": "mjkdzmdxuw5liholv2z3zup23lzfacjl5v2viwlgvv3ropsujmha====",
      "dependencies": [
        {
          "name": "gnuconfig",
          "hash": "nebvjbghcla26zbhafcagfgldslbffl5",
          "type": [
            "build"
          ]
        },
        {
          "name": "zlib",
          "hash": "fdn5e3btlr3n5shes6qftekdwevuoidw",
          "type": [
            "build",
            "link"
          ]
        }
      ],
      "hash": "ypmh5hfksdk5tx6crbjr42ikcrw5lkv2"
    },
    "wcwa2lxltv6pmhgexwfp3uvy7jhoxe5i": {
      "name": "patchelf",
      "version": "0.17.2",
      "arch": {
        "platform": "linux",
        "platform_os": "ubuntu20.04",
        "target": "ppc64le"
      },
      "compiler": {
        "name": "gcc",
        "version": "11.1.0"
      },
      "namespace": "builtin",
      "parameters": {
        "build_system": "autotools",
        "cflags": [],
        "cppflags": [],
        "cxxflags": [],
        "fflags": [],
        "ldflags": [],
        "ldlibs": []
      },
      "package_hash": "7yfrpiiq253qh757mooyptxhhrxoyligdl3bfzmkn65oeezqo4ha====",
      "dependencies": [
        {
          "name": "gnuconfig",
          "hash": "nebvjbghcla26zbhafcagfgldslbffl5",
          "type": [
            "build"
          ]
        }
      ],
      "hash": "wcwa2lxltv6pmhgexwfp3uvy7jhoxe5i"
    }
  }
}